
Microsoft Visual Studio Solution File, Format Version 12.00
# Visual Studio Version 17
VisualStudioVersion = 17.14.36310.24
MinimumVisualStudioVersion = 10.0.40219.1
Project("{FAE04EC0-301F-11D3-BF4B-00C04F79EFBC}") = "SpendWise", "SpendWise.csproj", "{FACCD06C-CECF-BBBD-286F-C32BA22DCE59}"
EndProject
Global
	GlobalSection(SolutionConfigurationPlatforms) = preSolution
		Debug|Any CPU = Debug|Any CPU
		Release|Any CPU = Release|Any CPU
	EndGlobalSection
	GlobalSection(ProjectConfigurationPlatforms) = postSolution
		{FACCD06C-CECF-BBBD-286F-C32BA22DCE59}.Debug|Any CPU.ActiveCfg = Debug|Any CPU
		{FACCD06C-CECF-BBBD-286F-C32BA22DCE59}.Debug|Any CPU.Build.0 = Debug|Any CPU
		{FACCD06C-CECF-BBBD-286F-C32BA22DCE59}.Debug|Any CPU.Deploy.0 = Debug|Any CPU
		{FACCD06C-CECF-BBBD-286F-C32BA22DCE59}.Release|Any CPU.ActiveCfg = Release|Any CPU
		{FACCD06C-CECF-BBBD-286F-C32BA22DCE59}.Release|Any CPU.Build.0 = Release|Any CPU
		{FACCD06C-CECF-BBBD-286F-C32BA22DCE59}.Release|Any CPU.Deploy.0 = Release|Any CPU
	EndGlobalSection
	GlobalSection(SolutionProperties) = preSolution
		HideSolutionNode = FALSE
	EndGlobalSection
	GlobalSection(ExtensibilityGlobals) = postSolution
		SolutionGuid = {28CEDBA0-6216-425C-BD9B-0FB884BBE50B}
	EndGlobalSection
EndGlobal
